{
  "version": "3",
  "packages": {
    "specifiers": {
      "npm:@barbapapazes/plausible-tracker@^0.5.2": "npm:@barbapapazes/plausible-tracker@0.5.2",
      "npm:solid-js@1.8.22": "npm:solid-js@1.8.22_seroval@1.1.1",
      "npm:solid-js@^1.8.22": "npm:solid-js@1.8.22_seroval@1.1.1"
    },
    "npm": {
      "@barbapapazes/plausible-tracker@0.5.2": {
        "integrity": "sha512-su3ut2STFDV+pVCRd0SbCYCA31YWqqEk0Z4/vDMeGvqLMw5hJaQt2mXxbbokIzXTnjODDTeCA/m+TjkHRTWBEg==",
        "dependencies": {}
      },
      "csstype@3.1.3": {
        "integrity": "sha512-M1uQkMl8rQK/szD0LNhtqxIPLpimGm8sOBwU7lLnCpSbTyY3yeU1Vc7l4KT5zT4s/yOxHH5O7tIuuLOCnLADRw==",
        "dependencies": {}
      },
      "seroval-plugins@1.1.1_seroval@1.1.1": {
        "integrity": "sha512-qNSy1+nUj7hsCOon7AO4wdAIo9P0jrzAMp18XhiOzA6/uO5TKtP7ScozVJ8T293oRIvi5wyCHSM4TrJo/c/GJA==",
        "dependencies": {
          "seroval": "seroval@1.1.1"
        }
      },
      "seroval@1.1.1": {
        "integrity": "sha512-rqEO6FZk8mv7Hyv4UCj3FD3b6Waqft605TLfsCe/BiaylRpyyMC0b+uA5TJKawX3KzMrdi3wsLbCaLplrQmBvQ==",
        "dependencies": {}
      },
      "solid-js@1.8.22_seroval@1.1.1": {
        "integrity": "sha512-VBzN5j+9Y4rqIKEnK301aBk+S7fvFSTs9ljg+YEdFxjNjH0hkjXPiQRcws9tE5fUzMznSS6KToL5hwMfHDgpLA==",
        "dependencies": {
          "csstype": "csstype@3.1.3",
          "seroval": "seroval@1.1.1",
          "seroval-plugins": "seroval-plugins@1.1.1_seroval@1.1.1"
        }
      }
    }
  },
  "remote": {}
}
