{
  "version": "5",
  "specifiers": {
    "jsr:@std/assert@^1.0.19": "1.0.19",
    "jsr:@std/expect@^1.0.18": "1.0.18",
    "jsr:@std/internal@^1.0.12": "1.0.12",
    "jsr:@std/path@^1.1.4": "1.1.4",
    "npm:@plausible-analytics/tracker@~0.4.4": "0.4.4",
    "npm:solid-js@^1.9.11": "1.9.11_seroval@1.5.0"
  },
  "jsr": {
    "@std/assert@1.0.19": {
      "integrity": "eaada96ee120cb980bc47e040f82814d786fe8162ecc53c91d8df60b8755991e",
      "dependencies": [
        "jsr:@std/internal"
      ]
    },
    "@std/expect@1.0.18": {
      "integrity": "8566eab35200466f8609eb7e7aed062ed0db314e9a258d5d201b1b8997ce801a",
      "dependencies": [
        "jsr:@std/assert",
        "jsr:@std/internal",
        "jsr:@std/path"
      ]
    },
    "@std/internal@1.0.12": {
      "integrity": "972a634fd5bc34b242024402972cd5143eac68d8dffaca5eaa4dba30ce17b027"
    },
    "@std/path@1.1.4": {
      "integrity": "1d2d43f39efb1b42f0b1882a25486647cb851481862dc7313390b2bb044314b5",
      "dependencies": [
        "jsr:@std/internal"
      ]
    }
  },
  "npm": {
    "@plausible-analytics/tracker@0.4.4": {
      "integrity": "sha512-fz0NOYUEYXtg1TBaPEEvtcBq3FfmLFuTe1VZw4M8sTWX129br5dguu3M15+plOQnc181ShYe67RfwhKgK89VnA=="
    },
    "csstype@3.2.3": {
      "integrity": "sha512-z1HGKcYy2xA8AGQfwrn0PAy+PB7X/GSj3UVJW9qKyn43xWa+gl5nXmU4qqLMRzWVLFC8KusUX8T/0kCiOYpAIQ=="
    },
    "seroval-plugins@1.5.0_seroval@1.5.0": {
      "integrity": "sha512-EAHqADIQondwRZIdeW2I636zgsODzoBDwb3PT/+7TLDWyw1Dy/Xv7iGUIEXXav7usHDE9HVhOU61irI3EnyyHA==",
      "dependencies": [
        "seroval"
      ]
    },
    "seroval@1.5.0": {
      "integrity": "sha512-OE4cvmJ1uSPrKorFIH9/w/Qwuvi/IMcGbv5RKgcJ/zjA/IohDLU6SVaxFN9FwajbP7nsX0dQqMDes1whk3y+yw=="
    },
    "solid-js@1.9.11_seroval@1.5.0": {
      "integrity": "sha512-WEJtcc5mkh/BnHA6Yrg4whlF8g6QwpmXXRg4P2ztPmcKeHHlH4+djYecBLhSpecZY2RRECXYUwIc/C2r3yzQ4Q==",
      "dependencies": [
        "csstype",
        "seroval",
        "seroval-plugins"
      ]
    }
  },
  "workspace": {
    "dependencies": [
      "jsr:@std/expect@^1.0.18",
      "npm:@plausible-analytics/tracker@~0.4.4",
      "npm:solid-js@^1.9.11"
    ]
  }
}
