{
  "version": "5",
  "specifiers": {
    "jsr:@std/assert@^1.0.13": "1.0.13",
    "jsr:@std/expect@^1.0.16": "1.0.16",
    "jsr:@std/internal@^1.0.6": "1.0.7",
    "jsr:@std/internal@^1.0.7": "1.0.7",
    "npm:@barbapapazes/plausible-tracker@~0.5.6": "0.5.6",
    "npm:solid-js@^1.9.7": "1.9.7_seroval@1.3.1"
  },
  "jsr": {
    "@std/assert@1.0.13": {
      "integrity": "ae0d31e41919b12c656c742b22522c32fb26ed0cba32975cb0de2a273cb68b29",
      "dependencies": [
        "jsr:@std/internal@^1.0.6"
      ]
    },
    "@std/expect@1.0.16": {
      "integrity": "ceeef6dda21f256a5f0f083fcc0eaca175428b523359a9b1d9b3a1df11cc7391",
      "dependencies": [
        "jsr:@std/assert",
        "jsr:@std/internal@^1.0.7"
      ]
    },
    "@std/internal@1.0.7": {
      "integrity": "39eeb5265190a7bc5d5591c9ff019490bd1f2c3907c044a11b0d545796158a0f"
    }
  },
  "npm": {
    "@barbapapazes/plausible-tracker@0.5.6": {
      "integrity": "sha512-GRZxn3ZngYQ1+QbdP8d66D/lQg+T2oEevG8kBGfNwVbt9VZB67sgMx/gkRo/Ww2lH7QelgjUNzvOeG+DsJX2HQ=="
    },
    "csstype@3.1.3": {
      "integrity": "sha512-M1uQkMl8rQK/szD0LNhtqxIPLpimGm8sOBwU7lLnCpSbTyY3yeU1Vc7l4KT5zT4s/yOxHH5O7tIuuLOCnLADRw=="
    },
    "seroval-plugins@1.3.1_seroval@1.3.1": {
      "integrity": "sha512-dOlUoiI3fgZbQIcj6By+l865pzeWdP3XCSLdI3xlKnjCk5983yLWPsXytFOUI0BUZKG9qwqbj78n9yVcVwUqaQ==",
      "dependencies": [
        "seroval"
      ]
    },
    "seroval@1.3.1": {
      "integrity": "sha512-F+T9EQPdLzgdewgxnBh4mSc+vde+EOkU6dC9BDuu/bfGb+UyUlqM6t8znFCTPQSuai/ZcfFg0gu79h+bVW2O0w=="
    },
    "solid-js@1.9.7_seroval@1.3.1": {
      "integrity": "sha512-/saTKi8iWEM233n5OSi1YHCCuh66ZIQ7aK2hsToPe4tqGm7qAejU1SwNuTPivbWAYq7SjuHVVYxxuZQNRbICiw==",
      "dependencies": [
        "csstype",
        "seroval",
        "seroval-plugins"
      ]
    }
  },
  "workspace": {
    "dependencies": [
      "jsr:@std/expect@^1.0.16",
      "npm:@barbapapazes/plausible-tracker@~0.5.6",
      "npm:solid-js@^1.9.7"
    ]
  }
}
